
Microsoft Visual Studio Solution File, Format Version 12.00
# Visual Studio Version 16
VisualStudioVersion = 16.0.30907.101
MinimumVisualStudioVersion = 10.0.40219.1
Project("{FAE04EC0-301F-11D3-BF4B-00C04F79EFBC}") = "Propusk", "Propusk\Propusk.csproj", "{D605378D-B80E-4D80-BB88-B365C9AD2828}"
EndProject
Project("{FAE04EC0-301F-11D3-BF4B-00C04F79EFBC}") = "Database", "Database\Database.csproj", "{135F35CE-CA9E-49C1-85AA-3DFD98E9B006}"
EndProject
Global
	GlobalSection(SolutionConfigurationPlatforms) = preSolution
		Debug|Any CPU = Debug|Any CPU
		Release|Any CPU = Release|Any CPU
	EndGlobalSection
	GlobalSection(ProjectConfigurationPlatforms) = postSolution
		{D605378D-B80E-4D80-BB88-B365C9AD2828}.Debug|Any CPU.ActiveCfg = Debug|Any CPU
		{D605378D-B80E-4D80-BB88-B365C9AD2828}.Debug|Any CPU.Build.0 = Debug|Any CPU
		{D605378D-B80E-4D80-BB88-B365C9AD2828}.Release|Any CPU.ActiveCfg = Release|Any CPU
		{D605378D-B80E-4D80-BB88-B365C9AD2828}.Release|Any CPU.Build.0 = Release|Any CPU
		{135F35CE-CA9E-49C1-85AA-3DFD98E9B006}.Debug|Any CPU.ActiveCfg = Debug|Any CPU
		{135F35CE-CA9E-49C1-85AA-3DFD98E9B006}.Debug|Any CPU.Build.0 = Debug|Any CPU
		{135F35CE-CA9E-49C1-85AA-3DFD98E9B006}.Release|Any CPU.ActiveCfg = Release|Any CPU
		{135F35CE-CA9E-49C1-85AA-3DFD98E9B006}.Release|Any CPU.Build.0 = Release|Any CPU
	EndGlobalSection
	GlobalSection(SolutionProperties) = preSolution
		HideSolutionNode = FALSE
	EndGlobalSection
	GlobalSection(ExtensibilityGlobals) = postSolution
		SolutionGuid = {8B88D79D-8B90-4A85-AF0C-7A05F0A7DA49}
	EndGlobalSection
EndGlobal
